// !$*UTF8*$!
{
	archiveVersion = 1;
	classes = {
	};
	objectVersion = 48;
	objects = {

/* Begin PBXBuildFile section */
		611C3A182058563A00DCABAD /* AppDelegate.swift in Sources */ = {isa = PBXBuildFile; fileRef = 611C3A172058563A00DCABAD /* AppDelegate.swift */; };
		611C3A1D2058563A00DCABAD /* Main.storyboard in Resources */ = {isa = PBXBuildFile; fileRef = 611C3A1B2058563A00DCABAD /* Main.storyboard */; };
		611C3A202058563A00DCABAD /* Epic.xcdatamodeld in Sources */ = {isa = PBXBuildFile; fileRef = 611C3A1E2058563A00DCABAD /* Epic.xcdatamodeld */; };
		611C3A222058563A00DCABAD /* Assets.xcassets in Resources */ = {isa = PBXBuildFile; fileRef = 611C3A212058563A00DCABAD /* Assets.xcassets */; };
		611C3A252058563A00DCABAD /* LaunchScreen.storyboard in Resources */ = {isa = PBXBuildFile; fileRef = 611C3A232058563A00DCABAD /* LaunchScreen.storyboard */; };
		611C3A2D2058569100DCABAD /* MainViewController.swift in Sources */ = {isa = PBXBuildFile; fileRef = 611C3A2C2058569100DCABAD /* MainViewController.swift */; };
		611C3A33205C76E000DCABAD /* AIDiscussionTableViewCell.swift in Sources */ = {isa = PBXBuildFile; fileRef = 611C3A32205C76E000DCABAD /* AIDiscussionTableViewCell.swift */; };
/* End PBXBuildFile section */

/* Begin PBXFileReference section */
		611C3A142058563A00DCABAD /* Epic.app */ = {isa = PBXFileReference; explicitFileType = wrapper.application; includeInIndex = 0; path = Epic.app; sourceTree = BUILT_PRODUCTS_DIR; };
		611C3A172058563A00DCABAD /* AppDelegate.swift */ = {isa = PBXFileReference; lastKnownFileType = sourcecode.swift; path = AppDelegate.swift; sourceTree = "<group>"; };
		611C3A1C2058563A00DCABAD /* Base */ = {isa = PBXFileReference; lastKnownFileType = file.storyboard; name = Base; path = Base.lproj/Main.storyboard; sourceTree = "<group>"; };
		611C3A1F2058563A00DCABAD /* Epic.xcdatamodel */ = {isa = PBXFileReference; lastKnownFileType = wrapper.xcdatamodel; path = Epic.xcdatamodel; sourceTree = "<group>"; };
		611C3A212058563A00DCABAD /* Assets.xcassets */ = {isa = PBXFileReference; lastKnownFileType = folder.assetcatalog; path = Assets.xcassets; sourceTree = "<group>"; };
		611C3A242058563A00DCABAD /* Base */ = {isa = PBXFileReference; lastKnownFileType = file.storyboard; name = Base; path = Base.lproj/LaunchScreen.storyboard; sourceTree = "<group>"; };
		611C3A262058563A00DCABAD /* Info.plist */ = {isa = PBXFileReference; lastKnownFileType = text.plist.xml; path = Info.plist; sourceTree = "<group>"; };
		611C3A2C2058569100DCABAD /* MainViewController.swift */ = {isa = PBXFileReference; lastKnownFileType = sourcecode.swift; path = MainViewController.swift; sourceTree = "<group>"; };
		611C3A32205C76E000DCABAD /* AIDiscussionTableViewCell.swift */ = {isa = PBXFileReference; lastKnownFileType = sourcecode.swift; path = AIDiscussionTableViewCell.swift; sourceTree = "<group>"; };
/* End PBXFileReference section */

/* Begin PBXFrameworksBuildPhase section */
		611C3A112058563A00DCABAD /* Frameworks */ = {
			isa = PBXFrameworksBuildPhase;
			buildActionMask = 2147483647;
			files = (
			);
			runOnlyForDeploymentPostprocessing = 0;
		};
/* End PBXFrameworksBuildPhase section */

/* Begin PBXGroup section */
		611C3A0B2058563A00DCABAD = {
			isa = PBXGroup;
			children = (
				611C3A162058563A00DCABAD /* Epic */,
				611C3A152058563A00DCABAD /* Products */,
			);
			sourceTree = "<group>";
		};
		611C3A152058563A00DCABAD /* Products */ = {
			isa = PBXGroup;
			children = (
				611C3A142058563A00DCABAD /* Epic.app */,
			);
			name = Products;
			sourceTree = "<group>";
		};
		611C3A162058563A00DCABAD /* Epic */ = {
			isa = PBXGroup;
			children = (
				611C3A312058589D00DCABAD /* SupportFiles */,
				611C3A302058589200DCABAD /* Models */,
				611C3A2F2058588300DCABAD /* TableViewCells */,
				611C3A2E2058587900DCABAD /* ViewControllers */,
				611C3A172058563A00DCABAD /* AppDelegate.swift */,
				611C3A1B2058563A00DCABAD /* Main.storyboard */,
				611C3A212058563A00DCABAD /* Assets.xcassets */,
				611C3A232058563A00DCABAD /* LaunchScreen.storyboard */,
				611C3A262058563A00DCABAD /* Info.plist */,
				611C3A1E2058563A00DCABAD /* Epic.xcdatamodeld */,
			);
			path = Epic;
			sourceTree = "<group>";
		};
		611C3A2E2058587900DCABAD /* ViewControllers */ = {
			isa = PBXGroup;
			children = (
				611C3A2C2058569100DCABAD /* MainViewController.swift */,
			);
			path = ViewControllers;
			sourceTree = "<group>";
		};
		611C3A2F2058588300DCABAD /* TableViewCells */ = {
			isa = PBXGroup;
			children = (
				611C3A32205C76E000DCABAD /* AIDiscussionTableViewCell.swift */,
			);
			path = TableViewCells;
			sourceTree = "<group>";
		};
		611C3A302058589200DCABAD /* Models */ = {
			isa = PBXGroup;
			children = (
			);
			path = Models;
			sourceTree = "<group>";
		};
		611C3A312058589D00DCABAD /* SupportFiles */ = {
			isa = PBXGroup;
			children = (
			);
			path = SupportFiles;
			sourceTree = "<group>";
		};
/* End PBXGroup section */

/* Begin PBXNativeTarget section */
		611C3A132058563A00DCABAD /* Epic */ = {
			isa = PBXNativeTarget;
			buildConfigurationList = 611C3A292058563A00DCABAD /* Build configuration list for PBXNativeTarget "Epic" */;
			buildPhases = (
				611C3A102058563A00DCABAD /* Sources */,
				611C3A112058563A00DCABAD /* Frameworks */,
				611C3A122058563A00DCABAD /* Resources */,
			);
			buildRules = (
			);
			dependencies = (
			);
			name = Epic;
			productName = Epic;
			productReference = 611C3A142058563A00DCABAD /* Epic.app */;
			productType = "com.apple.product-type.application";
		};
/* End PBXNativeTarget section */

/* Begin PBXProject section */
		611C3A0C2058563A00DCABAD /* Project object */ = {
			isa = PBXProject;
			attributes = {
				LastSwiftUpdateCheck = 0920;
				LastUpgradeCheck = 0920;
				ORGANIZATIONNAME = Epic;
				TargetAttributes = {
					611C3A132058563A00DCABAD = {
						CreatedOnToolsVersion = 9.2;
						ProvisioningStyle = Automatic;
					};
				};
			};
			buildConfigurationList = 611C3A0F2058563A00DCABAD /* Build configuration list for PBXProject "Epic" */;
			compatibilityVersion = "Xcode 8.0";
			developmentRegion = en;
			hasScannedForEncodings = 0;
			knownRegions = (
				en,
				Base,
			);
			mainGroup = 611C3A0B2058563A00DCABAD;
			productRefGroup = 611C3A152058563A00DCABAD /* Products */;
			projectDirPath = "";
			projectRoot = "";
			targets = (
				611C3A132058563A00DCABAD /* Epic */,
			);
		};
/* End PBXProject section */

/* Begin PBXResourcesBuildPhase section */
		611C3A122058563A00DCABAD /* Resources */ = {
			isa = PBXResourcesBuildPhase;
			buildActionMask = 2147483647;
			files = (
				611C3A252058563A00DCABAD /* LaunchScreen.storyboard in Resources */,
				611C3A222058563A00DCABAD /* Assets.xcassets in Resources */,
				611C3A1D2058563A00DCABAD /* Main.storyboard in Resources */,
			);
			runOnlyForDeploymentPostprocessing = 0;
		};
/* End PBXResourcesBuildPhase section */

/* Begin PBXSourcesBuildPhase section */
		611C3A102058563A00DCABAD /* Sources */ = {
			isa = PBXSourcesBuildPhase;
			buildActionMask = 2147483647;
			files = (
				611C3A2D2058569100DCABAD /* MainViewController.swift in Sources */,
				611C3A202058563A00DCABAD /* Epic.xcdatamodeld in Sources */,
				611C3A182058563A00DCABAD /* AppDelegate.swift in Sources */,
				611C3A33205C76E000DCABAD /* AIDiscussionTableViewCell.swift in Sources */,
			);
			runOnlyForDeploymentPostprocessing = 0;
		};
/* End PBXSourcesBuildPhase section */

/* Begin PBXVariantGroup section */
		611C3A1B2058563A00DCABAD /* Main.storyboard */ = {
			isa = PBXVariantGroup;
			children = (
				611C3A1C2058563A00DCABAD /* Base */,
			);
			name = Main.storyboard;
			sourceTree = "<group>";
		};
		611C3A232058563A00DCABAD /* LaunchScreen.storyboard */ = {
			isa = PBXVariantGroup;
			children = (
				611C3A242058563A00DCABAD /* Base */,
			);
			name = LaunchScreen.storyboard;
			sourceTree = "<group>";
		};
/* End PBXVariantGroup section */

/* Begin XCBuildConfiguration section */
		611C3A272058563A00DCABAD /* Debug */ = {
			isa = XCBuildConfiguration;
			buildSettings = {
				ALWAYS_SEARCH_USER_PATHS = NO;
				CLANG_ANALYZER_NONNULL = YES;
				CLANG_ANALYZER_NUMBER_OBJECT_CONVERSION = YES_AGGRESSIVE;
				CLANG_CXX_LANGUAGE_STANDARD = "gnu++14";
				CLANG_CXX_LIBRARY = "libc++";
				CLANG_ENABLE_MODULES = YES;
				CLANG_ENABLE_OBJC_ARC = YES;
				CLANG_WARN_BLOCK_CAPTURE_AUTORELEASING = YES;
				CLANG_WARN_BOOL_CONVERSION = YES;
				CLANG_WARN_COMMA = YES;
				CLANG_WARN_CONSTANT_CONVERSION = YES;
				CLANG_WARN_DIRECT_OBJC_ISA_USAGE = YES_ERROR;
				CLANG_WARN_DOCUMENTATION_COMMENTS = YES;
				CLANG_WARN_EMPTY_BODY = YES;
				CLANG_WARN_ENUM_CONVERSION = YES;
				CLANG_WARN_INFINITE_RECURSION = YES;
				CLANG_WARN_INT_CONVERSION = YES;
				CLANG_WARN_NON_LITERAL_NULL_CONVERSION = YES;
				CLANG_WARN_OBJC_LITERAL_CONVERSION = YES;
				CLANG_WARN_OBJC_ROOT_CLASS = YES_ERROR;
				CLANG_WARN_RANGE_LOOP_ANALYSIS = YES;
				CLANG_WARN_STRICT_PROTOTYPES = YES;
				CLANG_WARN_SUSPICIOUS_MOVE = YES;
				CLANG_WARN_UNGUARDED_AVAILABILITY = YES_AGGRESSIVE;
				CLANG_WARN_UNREACHABLE_CODE = YES;
				CLANG_WARN__DUPLICATE_METHOD_MATCH = YES;
				CODE_SIGN_IDENTITY = "iPhone Developer";
				COPY_PHASE_STRIP = NO;
				DEBUG_INFORMATION_FORMAT = dwarf;
				ENABLE_STRICT_OBJC_MSGSEND = YES;
				ENABLE_TESTABILITY = YES;
				GCC_C_LANGUAGE_STANDARD = gnu11;
				GCC_DYNAMIC_NO_PIC = NO;
				GCC_NO_COMMON_BLOCKS = YES;
				GCC_OPTIMIZATION_LEVEL = 0;
				GCC_PREPROCESSOR_DEFINITIONS = (
					"DEBUG=1",
					"$(inherited)",
				);
				GCC_WARN_64_TO_32_BIT_CONVERSION = YES;
				GCC_WARN_ABOUT_RETURN_TYPE = YES_ERROR;
				GCC_WARN_UNDECLARED_SELECTOR = YES;
				GCC_WARN_UNINITIALIZED_AUTOS = YES_AGGRESSIVE;
				GCC_WARN_UNUSED_FUNCTION = YES;
				GCC_WARN_UNUSED_VARIABLE = YES;
				IPHONEOS_DEPLOYMENT_TARGET = 11.2;
				MTL_ENABLE_DEBUG_INFO = YES;
				ONLY_ACTIVE_ARCH = YES;
				SDKROOT = iphoneos;
				SWIFT_ACTIVE_COMPILATION_CONDITIONS = DEBUG;
				SWIFT_OPTIMIZATION_LEVEL = "-Onone";
			};
			name = Debug;
		};
		611C3A282058563A00DCABAD /* Release */ = {
			isa = XCBuildConfiguration;
			buildSettings = {
				ALWAYS_SEARCH_USER_PATHS = NO;
				CLANG_ANALYZER_NONNULL = YES;
				CLANG_ANALYZER_NUMBER_OBJECT_CONVERSION = YES_AGGRESSIVE;
				CLANG_CXX_LANGUAGE_STANDARD = "gnu++14";
				CLANG_CXX_LIBRARY = "libc++";
				CLANG_ENABLE_MODULES = YES;
				CLANG_ENABLE_OBJC_ARC = YES;
				CLANG_WARN_BLOCK_CAPTURE_AUTORELEASING = YES;
				CLANG_WARN_BOOL_CONVERSION = YES;
				CLANG_WARN_COMMA = YES;
				CLANG_WARN_CONSTANT_CONVERSION = YES;
				CLANG_WARN_DIRECT_OBJC_ISA_USAGE = YES_ERROR;
				CLANG_WARN_DOCUMENTATION_COMMENTS = YES;
				CLANG_WARN_EMPTY_BODY = YES;
				CLANG_WARN_ENUM_CONVERSION = YES;
				CLANG_WARN_INFINITE_RECURSION = YES;
				CLANG_WARN_INT_CONVERSION = YES;
				CLANG_WARN_NON_LITERAL_NULL_CONVERSION = YES;
				CLANG_WARN_OBJC_LITERAL_CONVERSION = YES;
				CLANG_WARN_OBJC_ROOT_CLASS = YES_ERROR;
				CLANG_WARN_RANGE_LOOP_ANALYSIS = YES;
				CLANG_WARN_STRICT_PROTOTYPES = YES;
				CLANG_WARN_SUSPICIOUS_MOVE = YES;
				CLANG_WARN_UNGUARDED_AVAILABILITY = YES_AGGRESSIVE;
				CLANG_WARN_UNREACHABLE_CODE = YES;
				CLANG_WARN__DUPLICATE_METHOD_MATCH = YES;
				CODE_SIGN_IDENTITY = "iPhone Developer";
				COPY_PHASE_STRIP = NO;
				DEBUG_INFORMATION_FORMAT = "dwarf-with-dsym";
				ENABLE_NS_ASSERTIONS = NO;
				ENABLE_STRICT_OBJC_MSGSEND = YES;
				GCC_C_LANGUAGE_STANDARD = gnu11;
				GCC_NO_COMMON_BLOCKS = YES;
				GCC_WARN_64_TO_32_BIT_CONVERSION = YES;
				GCC_WARN_ABOUT_RETURN_TYPE = YES_ERROR;
				GCC_WARN_UNDECLARED_SELECTOR = YES;
				GCC_WARN_UNINITIALIZED_AUTOS = YES_AGGRESSIVE;
				GCC_WARN_UNUSED_FUNCTION = YES;
				GCC_WARN_UNUSED_VARIABLE = YES;
				IPHONEOS_DEPLOYMENT_TARGET = 11.2;
				MTL_ENABLE_DEBUG_INFO = NO;
				SDKROOT = iphoneos;
				SWIFT_OPTIMIZATION_LEVEL = "-Owholemodule";
				VALIDATE_PRODUCT = YES;
			};
			name = Release;
		};
		611C3A2A2058563A00DCABAD /* Debug */ = {
			isa = XCBuildConfiguration;
			buildSettings = {
				ASSETCATALOG_COMPILER_APPICON_NAME = AppIcon;
				CODE_SIGN_STYLE = Automatic;
				DEVELOPMENT_TEAM = B4WE2NR99U;
				INFOPLIST_FILE = Epic/Info.plist;
				LD_RUNPATH_SEARCH_PATHS = "$(inherited) @executable_path/Frameworks";
				PRODUCT_BUNDLE_IDENTIFIER = al.epic.Epic;
				PRODUCT_NAME = "$(TARGET_NAME)";
				SWIFT_VERSION = 4.0;
				TARGETED_DEVICE_FAMILY = "1,2";
			};
			name = Debug;
		};
		611C3A2B2058563A00DCABAD /* Release */ = {
			isa = XCBuildConfiguration;
			buildSettings = {
				ASSETCATALOG_COMPILER_APPICON_NAME = AppIcon;
				CODE_SIGN_STYLE = Automatic;
				DEVELOPMENT_TEAM = B4WE2NR99U;
				INFOPLIST_FILE = Epic/Info.plist;
				LD_RUNPATH_SEARCH_PATHS = "$(inherited) @executable_path/Frameworks";
				PRODUCT_BUNDLE_IDENTIFIER = al.epic.Epic;
				PRODUCT_NAME = "$(TARGET_NAME)";
				SWIFT_VERSION = 4.0;
				TARGETED_DEVICE_FAMILY = "1,2";
			};
			name = Release;
		};
/* End XCBuildConfiguration section */

/* Begin XCConfigurationList section */
		611C3A0F2058563A00DCABAD /* Build configuration list for PBXProject "Epic" */ = {
			isa = XCConfigurationList;
			buildConfigurations = (
				611C3A272058563A00DCABAD /* Debug */,
				611C3A282058563A00DCABAD /* Release */,
			);
			defaultConfigurationIsVisible = 0;
			defaultConfigurationName = Release;
		};
		611C3A292058563A00DCABAD /* Build configuration list for PBXNativeTarget "Epic" */ = {
			isa = XCConfigurationList;
			buildConfigurations = (
				611C3A2A2058563A00DCABAD /* Debug */,
				611C3A2B2058563A00DCABAD /* Release */,
			);
			defaultConfigurationIsVisible = 0;
			defaultConfigurationName = Release;
		};
/* End XCConfigurationList section */

/* Begin XCVersionGroup section */
		611C3A1E2058563A00DCABAD /* Epic.xcdatamodeld */ = {
			isa = XCVersionGroup;
			children = (
				611C3A1F2058563A00DCABAD /* Epic.xcdatamodel */,
			);
			currentVersion = 611C3A1F2058563A00DCABAD /* Epic.xcdatamodel */;
			path = Epic.xcdatamodeld;
			sourceTree = "<group>";
			versionGroupType = wrapper.xcdatamodel;
		};
/* End XCVersionGroup section */
	};
	rootObject = 611C3A0C2058563A00DCABAD /* Project object */;
}
